
Microsoft Visual Studio Solution File, Format Version 12.00
# Visual Studio Version 17
VisualStudioVersion = 17.6.33815.320
MinimumVisualStudioVersion = 10.0.40219.1
Project("{FAE04EC0-301F-11D3-BF4B-00C04F79EFBC}") = "L20230717", "L20230717.csproj", "{D7119F11-246B-43E3-971D-2080F86B2E9D}"
EndProject
Project("{FAE04EC0-301F-11D3-BF4B-00C04F79EFBC}") = "L20230717_2", "..\L20230717_2\L20230717_2.csproj", "{CD9D84A0-FEA7-4945-9B3D-F3E102456824}"
EndProject
Global
	GlobalSection(SolutionConfigurationPlatforms) = preSolution
		Debug|Any CPU = Debug|Any CPU
		Release|Any CPU = Release|Any CPU
	EndGlobalSection
	GlobalSection(ProjectConfigurationPlatforms) = postSolution
		{D7119F11-246B-43E3-971D-2080F86B2E9D}.Debug|Any CPU.ActiveCfg = Debug|Any CPU
		{D7119F11-246B-43E3-971D-2080F86B2E9D}.Debug|Any CPU.Build.0 = Debug|Any CPU
		{D7119F11-246B-43E3-971D-2080F86B2E9D}.Release|Any CPU.ActiveCfg = Release|Any CPU
		{D7119F11-246B-43E3-971D-2080F86B2E9D}.Release|Any CPU.Build.0 = Release|Any CPU
		{CD9D84A0-FEA7-4945-9B3D-F3E102456824}.Debug|Any CPU.ActiveCfg = Debug|Any CPU
		{CD9D84A0-FEA7-4945-9B3D-F3E102456824}.Debug|Any CPU.Build.0 = Debug|Any CPU
		{CD9D84A0-FEA7-4945-9B3D-F3E102456824}.Release|Any CPU.ActiveCfg = Release|Any CPU
		{CD9D84A0-FEA7-4945-9B3D-F3E102456824}.Release|Any CPU.Build.0 = Release|Any CPU
	EndGlobalSection
	GlobalSection(SolutionProperties) = preSolution
		HideSolutionNode = FALSE
	EndGlobalSection
	GlobalSection(ExtensibilityGlobals) = postSolution
		SolutionGuid = {ABFFDE32-E85D-4F86-BBB9-1A08DD4EFE25}
	EndGlobalSection
EndGlobal
